
Microsoft Visual Studio Solution File, Format Version 12.00
# Visual Studio Version 17
VisualStudioVersion = 17.3.32804.467
MinimumVisualStudioVersion = 10.0.40219.1
Project("{8BC9CEB8-8B4A-11D0-8D11-00A0C91BC942}") = "Search in a rotated sorted array", "Search in a rotated sorted array.vcxproj", "{2E686FE5-6E4E-43E3-8F27-052D8770AC60}"
EndProject
Global
	GlobalSection(SolutionConfigurationPlatforms) = preSolution
		Debug|x64 = Debug|x64
		Debug|x86 = Debug|x86
		Release|x64 = Release|x64
		Release|x86 = Release|x86
	EndGlobalSection
	GlobalSection(ProjectConfigurationPlatforms) = postSolution
		{2E686FE5-6E4E-43E3-8F27-052D8770AC60}.Debug|x64.ActiveCfg = Debug|x64
		{2E686FE5-6E4E-43E3-8F27-052D8770AC60}.Debug|x64.Build.0 = Debug|x64
		{2E686FE5-6E4E-43E3-8F27-052D8770AC60}.Debug|x86.ActiveCfg = Debug|Win32
		{2E686FE5-6E4E-43E3-8F27-052D8770AC60}.Debug|x86.Build.0 = Debug|Win32
		{2E686FE5-6E4E-43E3-8F27-052D8770AC60}.Release|x64.ActiveCfg = Release|x64
		{2E686FE5-6E4E-43E3-8F27-052D8770AC60}.Release|x64.Build.0 = Release|x64
		{2E686FE5-6E4E-43E3-8F27-052D8770AC60}.Release|x86.ActiveCfg = Release|Win32
		{2E686FE5-6E4E-43E3-8F27-052D8770AC60}.Release|x86.Build.0 = Release|Win32
	EndGlobalSection
	GlobalSection(SolutionProperties) = preSolution
		HideSolutionNode = FALSE
	EndGlobalSection
	GlobalSection(ExtensibilityGlobals) = postSolution
		SolutionGuid = {FA5D6895-7C89-4C39-9517-49D22A611186}
	EndGlobalSection
EndGlobal
