
Microsoft Visual Studio Solution File, Format Version 12.00
# Visual Studio Version 17
VisualStudioVersion = 17.1.32210.238
MinimumVisualStudioVersion = 10.0.40219.1
Project("{8BC9CEB8-8B4A-11D0-8D11-00A0C91BC942}") = "Learning double linked list", "Learning double linked list.vcxproj", "{EEB33892-5852-4021-83F8-407E2A9CC4C4}"
EndProject
Global
	GlobalSection(SolutionConfigurationPlatforms) = preSolution
		Debug|x64 = Debug|x64
		Debug|x86 = Debug|x86
		Release|x64 = Release|x64
		Release|x86 = Release|x86
	EndGlobalSection
	GlobalSection(ProjectConfigurationPlatforms) = postSolution
		{EEB33892-5852-4021-83F8-407E2A9CC4C4}.Debug|x64.ActiveCfg = Debug|x64
		{EEB33892-5852-4021-83F8-407E2A9CC4C4}.Debug|x64.Build.0 = Debug|x64
		{EEB33892-5852-4021-83F8-407E2A9CC4C4}.Debug|x86.ActiveCfg = Debug|Win32
		{EEB33892-5852-4021-83F8-407E2A9CC4C4}.Debug|x86.Build.0 = Debug|Win32
		{EEB33892-5852-4021-83F8-407E2A9CC4C4}.Release|x64.ActiveCfg = Release|x64
		{EEB33892-5852-4021-83F8-407E2A9CC4C4}.Release|x64.Build.0 = Release|x64
		{EEB33892-5852-4021-83F8-407E2A9CC4C4}.Release|x86.ActiveCfg = Release|Win32
		{EEB33892-5852-4021-83F8-407E2A9CC4C4}.Release|x86.Build.0 = Release|Win32
	EndGlobalSection
	GlobalSection(SolutionProperties) = preSolution
		HideSolutionNode = FALSE
	EndGlobalSection
	GlobalSection(ExtensibilityGlobals) = postSolution
		SolutionGuid = {654F5B83-511D-4E5C-B6B6-BD1831C78022}
	EndGlobalSection
EndGlobal
