
Microsoft Visual Studio Solution File, Format Version 12.00
# Visual Studio Version 17
VisualStudioVersion = 17.3.32825.248
MinimumVisualStudioVersion = 10.0.40219.1
Project("{8BC9CEB8-8B4A-11D0-8D11-00A0C91BC942}") = "count inversions in an array", "count inversions in an array.vcxproj", "{1806753F-E6EF-4668-B95E-3201BA04A704}"
EndProject
Global
	GlobalSection(SolutionConfigurationPlatforms) = preSolution
		Debug|x64 = Debug|x64
		Debug|x86 = Debug|x86
		Release|x64 = Release|x64
		Release|x86 = Release|x86
	EndGlobalSection
	GlobalSection(ProjectConfigurationPlatforms) = postSolution
		{1806753F-E6EF-4668-B95E-3201BA04A704}.Debug|x64.ActiveCfg = Debug|x64
		{1806753F-E6EF-4668-B95E-3201BA04A704}.Debug|x64.Build.0 = Debug|x64
		{1806753F-E6EF-4668-B95E-3201BA04A704}.Debug|x86.ActiveCfg = Debug|Win32
		{1806753F-E6EF-4668-B95E-3201BA04A704}.Debug|x86.Build.0 = Debug|Win32
		{1806753F-E6EF-4668-B95E-3201BA04A704}.Release|x64.ActiveCfg = Release|x64
		{1806753F-E6EF-4668-B95E-3201BA04A704}.Release|x64.Build.0 = Release|x64
		{1806753F-E6EF-4668-B95E-3201BA04A704}.Release|x86.ActiveCfg = Release|Win32
		{1806753F-E6EF-4668-B95E-3201BA04A704}.Release|x86.Build.0 = Release|Win32
	EndGlobalSection
	GlobalSection(SolutionProperties) = preSolution
		HideSolutionNode = FALSE
	EndGlobalSection
	GlobalSection(ExtensibilityGlobals) = postSolution
		SolutionGuid = {3CBD4825-C46E-4F7E-B7A0-987D46C6136D}
	EndGlobalSection
EndGlobal
