
Microsoft Visual Studio Solution File, Format Version 12.00
# Visual Studio Version 17
VisualStudioVersion = 17.3.32804.467
MinimumVisualStudioVersion = 10.0.40219.1
Project("{8BC9CEB8-8B4A-11D0-8D11-00A0C91BC942}") = "First and last occurrence in a sorted array", "First and last occurrence in a sorted array.vcxproj", "{5FACD2A4-D8AB-4FD0-B334-60076B9BE24B}"
EndProject
Global
	GlobalSection(SolutionConfigurationPlatforms) = preSolution
		Debug|x64 = Debug|x64
		Debug|x86 = Debug|x86
		Release|x64 = Release|x64
		Release|x86 = Release|x86
	EndGlobalSection
	GlobalSection(ProjectConfigurationPlatforms) = postSolution
		{5FACD2A4-D8AB-4FD0-B334-60076B9BE24B}.Debug|x64.ActiveCfg = Debug|x64
		{5FACD2A4-D8AB-4FD0-B334-60076B9BE24B}.Debug|x64.Build.0 = Debug|x64
		{5FACD2A4-D8AB-4FD0-B334-60076B9BE24B}.Debug|x86.ActiveCfg = Debug|Win32
		{5FACD2A4-D8AB-4FD0-B334-60076B9BE24B}.Debug|x86.Build.0 = Debug|Win32
		{5FACD2A4-D8AB-4FD0-B334-60076B9BE24B}.Release|x64.ActiveCfg = Release|x64
		{5FACD2A4-D8AB-4FD0-B334-60076B9BE24B}.Release|x64.Build.0 = Release|x64
		{5FACD2A4-D8AB-4FD0-B334-60076B9BE24B}.Release|x86.ActiveCfg = Release|Win32
		{5FACD2A4-D8AB-4FD0-B334-60076B9BE24B}.Release|x86.Build.0 = Release|Win32
	EndGlobalSection
	GlobalSection(SolutionProperties) = preSolution
		HideSolutionNode = FALSE
	EndGlobalSection
	GlobalSection(ExtensibilityGlobals) = postSolution
		SolutionGuid = {3DFB0042-6F17-47E6-A172-FB43ACC2743D}
	EndGlobalSection
EndGlobal
