
Microsoft Visual Studio Solution File, Format Version 12.00
# Visual Studio Version 17
VisualStudioVersion = 17.4.33103.184
MinimumVisualStudioVersion = 10.0.40219.1
Project("{8BC9CEB8-8B4A-11D0-8D11-00A0C91BC942}") = "dfs traversals of a tree using stacks", "dfs traversals of a tree using stacks.vcxproj", "{D44ED44C-C1D5-4A6C-B2F7-5E06728666A6}"
EndProject
Global
	GlobalSection(SolutionConfigurationPlatforms) = preSolution
		Debug|x64 = Debug|x64
		Debug|x86 = Debug|x86
		Release|x64 = Release|x64
		Release|x86 = Release|x86
	EndGlobalSection
	GlobalSection(ProjectConfigurationPlatforms) = postSolution
		{D44ED44C-C1D5-4A6C-B2F7-5E06728666A6}.Debug|x64.ActiveCfg = Debug|x64
		{D44ED44C-C1D5-4A6C-B2F7-5E06728666A6}.Debug|x64.Build.0 = Debug|x64
		{D44ED44C-C1D5-4A6C-B2F7-5E06728666A6}.Debug|x86.ActiveCfg = Debug|Win32
		{D44ED44C-C1D5-4A6C-B2F7-5E06728666A6}.Debug|x86.Build.0 = Debug|Win32
		{D44ED44C-C1D5-4A6C-B2F7-5E06728666A6}.Release|x64.ActiveCfg = Release|x64
		{D44ED44C-C1D5-4A6C-B2F7-5E06728666A6}.Release|x64.Build.0 = Release|x64
		{D44ED44C-C1D5-4A6C-B2F7-5E06728666A6}.Release|x86.ActiveCfg = Release|Win32
		{D44ED44C-C1D5-4A6C-B2F7-5E06728666A6}.Release|x86.Build.0 = Release|Win32
	EndGlobalSection
	GlobalSection(SolutionProperties) = preSolution
		HideSolutionNode = FALSE
	EndGlobalSection
	GlobalSection(ExtensibilityGlobals) = postSolution
		SolutionGuid = {265C372C-6374-4065-86C8-F7971BAE84B8}
	EndGlobalSection
EndGlobal
